{
  "R": {
    "Version": "4.5.2",
    "Repositories": [
      {
        "Name": "CRAN",
        "URL": "https://cloud.r-project.org"
      }
    ]
  },
  "Packages": {
    "abind": {
      "Package": "abind",
      "Version": "1.4.8",
      "Source": "Repository",
      "Repository": "CRAN"
    },
    "AER": {
      "Package": "AER",
      "Version": "1.2.16",
      "Source": "Repository",
      "Repository": "CRAN"
    },
    "alabama": {
      "Package": "alabama",
      "Version": "2025.1.0",
      "Source": "Repository",
      "Repository": "CRAN"
    },
    "askpass": {
      "Package": "askpass",
      "Version": "1.2.1",
      "Source": "Repository",
      "Repository": "CRAN"
    },
    "augsynth": {
      "Package": "augsynth",
      "Version": "0.2.0",
      "Source": "GitHub",
      "RemoteHost": "api.github.com",
      "RemoteUsername": "ebenmichael",
      "RemoteRepo": "augsynth",
      "RemoteRef": "HEAD",
      "RemoteSha": "65c5a6f34f4e4a8b1011182fe12309ef022d992f"
    },
    "backports": {
      "Package": "backports",
      "Version": "1.5.0",
      "Source": "Repository",
      "Repository": "CRAN"
    },
    "bacondecomp": {
      "Package": "bacondecomp",
      "Version": "0.1.1",
      "Source": "Repository",
      "Repository": "CRAN"
    },
    "base64enc": {
      "Package": "base64enc",
      "Version": "0.1.6",
      "Source": "Repository",
      "Repository": "CRAN"
    },
    "bbotk": {
      "Package": "bbotk",
      "Version": "1.10.0",
      "Source": "Repository",
      "Repository": "CRAN"
    },
    "bdsmatrix": {
      "Package": "bdsmatrix",
      "Version": "1.3.7",
      "Source": "Repository",
      "Repository": "CRAN"
    },
    "betareg": {
      "Package": "betareg",
      "Version": "3.2.4",
      "Source": "Repository",
      "Repository": "CRAN"
    },
    "BH": {
      "Package": "BH",
      "Version": "1.90.0.1",
      "Source": "Repository",
      "Repository": "CRAN"
    },
    "bigmemory": {
      "Package": "bigmemory",
      "Version": "4.6.4",
      "Source": "Repository",
      "Repository": "CRAN"
    },
    "bigmemory.sri": {
      "Package": "bigmemory.sri",
      "Version": "0.1.8",
      "Source": "Repository",
      "Repository": "CRAN"
    },
    "bitops": {
      "Package": "bitops",
      "Version": "1.0.9",
      "Source": "Repository",
      "Repository": "CRAN"
    },
    "BMisc": {
      "Package": "BMisc",
      "Version": "1.4.8",
      "Source": "Repository",
      "Repository": "CRAN"
    },
    "boot": {
      "Package": "boot",
      "Version": "1.3.32",
      "Source": "R"
    },
    "broom": {
      "Package": "broom",
      "Version": "1.0.12",
      "Source": "Repository",
      "Repository": "CRAN"
    },
    "bslib": {
      "Package": "bslib",
      "Version": "0.10.0",
      "Source": "Repository",
      "Repository": "CRAN"
    },
    "cachem": {
      "Package": "cachem",
      "Version": "1.1.0",
      "Source": "Repository",
      "Repository": "CRAN"
    },
    "car": {
      "Package": "car",
      "Version": "3.1.5",
      "Source": "Repository",
      "Repository": "CRAN"
    },
    "carData": {
      "Package": "carData",
      "Version": "3.0.6",
      "Source": "Repository",
      "Repository": "CRAN"
    },
    "caret": {
      "Package": "caret",
      "Version": "7.0.1",
      "Source": "Repository",
      "Repository": "CRAN"
    },
    "caTools": {
      "Package": "caTools",
      "Version": "1.18.4",
      "Source": "Repository",
      "Repository": "CRAN"
    },
    "censReg": {
      "Package": "censReg",
      "Version": "0.5.38",
      "Source": "Repository",
      "Repository": "CRAN"
    },
    "checkmate": {
      "Package": "checkmate",
      "Version": "2.3.4",
      "Source": "Repository",
      "Repository": "CRAN"
    },
    "chk": {
      "Package": "chk",
      "Version": "0.10.0",
      "Source": "Repository",
      "Repository": "CRAN"
    },
    "clarabel": {
      "Package": "clarabel",
      "Version": "0.11.2",
      "Source": "Repository",
      "Repository": "CRAN"
    },
    "class": {
      "Package": "class",
      "Version": "7.3.23",
      "Source": "R"
    },
    "classInt": {
      "Package": "classInt",
      "Version": "0.4.11",
      "Source": "Repository",
      "Repository": "CRAN"
    },
    "cli": {
      "Package": "cli",
      "Version": "3.6.5",
      "Source": "Repository",
      "Repository": "CRAN"
    },
    "clock": {
      "Package": "clock",
      "Version": "0.7.4",
      "Source": "Repository",
      "Repository": "CRAN"
    },
    "clubSandwich": {
      "Package": "clubSandwich",
      "Version": "0.6.2",
      "Source": "Repository",
      "Repository": "CRAN"
    },
    "cluster": {
      "Package": "cluster",
      "Version": "2.1.8.1",
      "Source": "R"
    },
    "clusterGeneration": {
      "Package": "clusterGeneration",
      "Version": "1.3.8",
      "Source": "Repository",
      "Repository": "CRAN"
    },
    "coda": {
      "Package": "coda",
      "Version": "0.19.4.1",
      "Source": "Repository",
      "Repository": "CRAN"
    },
    "codetools": {
      "Package": "codetools",
      "Version": "0.2.20",
      "Source": "R"
    },
    "collapse": {
      "Package": "collapse",
      "Version": "2.1.6",
      "Source": "Repository",
      "Repository": "CRAN"
    },
    "colorspace": {
      "Package": "colorspace",
      "Version": "2.1.2",
      "Source": "Repository",
      "Repository": "CRAN"
    },
    "compiler": {
      "Package": "compiler",
      "Version": "4.5.2",
      "Source": "R"
    },
    "cowplot": {
      "Package": "cowplot",
      "Version": "1.2.0",
      "Source": "Repository",
      "Repository": "CRAN"
    },
    "cpp11": {
      "Package": "cpp11",
      "Version": "0.5.3",
      "Source": "Repository",
      "Repository": "CRAN"
    },
    "crayon": {
      "Package": "crayon",
      "Version": "1.5.3",
      "Source": "Repository",
      "Repository": "CRAN"
    },
    "cubature": {
      "Package": "cubature",
      "Version": "2.1.4.1",
      "Source": "Repository",
      "Repository": "CRAN"
    },
    "curl": {
      "Package": "curl",
      "Version": "7.1.0",
      "Source": "Repository",
      "Repository": "CRAN"
    },
    "cvAUC": {
      "Package": "cvAUC",
      "Version": "1.1.4",
      "Source": "Repository",
      "Repository": "CRAN"
    },
    "CVXR": {
      "Package": "CVXR",
      "Version": "1.8.2",
      "Source": "Repository",
      "Repository": "CRAN"
    },
    "data.table": {
      "Package": "data.table",
      "Version": "1.18.2.1",
      "Source": "Repository",
      "Repository": "CRAN"
    },
    "datasets": {
      "Package": "datasets",
      "Version": "4.5.2",
      "Source": "R"
    },
    "DBI": {
      "Package": "DBI",
      "Version": "1.3.0",
      "Source": "Repository",
      "Repository": "CRAN"
    },
    "ddecompose": {
      "Package": "ddecompose",
      "Version": "1.0.0",
      "Source": "Repository",
      "Repository": "CRAN"
    },
    "deldir": {
      "Package": "deldir",
      "Version": "2.0.4",
      "Source": "Repository",
      "Repository": "CRAN"
    },
    "Deriv": {
      "Package": "Deriv",
      "Version": "4.2.0",
      "Source": "Repository",
      "Repository": "CRAN"
    },
    "diagram": {
      "Package": "diagram",
      "Version": "1.6.5",
      "Source": "Repository",
      "Repository": "CRAN"
    },
    "DiceKriging": {
      "Package": "DiceKriging",
      "Version": "1.6.1",
      "Source": "Repository",
      "Repository": "CRAN"
    },
    "did": {
      "Package": "did",
      "Version": "2.3.0",
      "Source": "Repository",
      "Repository": "CRAN"
    },
    "didimputation": {
      "Package": "didimputation",
      "Version": "0.5.1",
      "Source": "Repository",
      "Repository": "CRAN"
    },
    "digest": {
      "Package": "digest",
      "Version": "0.6.39",
      "Source": "Repository",
      "Repository": "CRAN"
    },
    "dineq": {
      "Package": "dineq",
      "Version": "0.1.0",
      "Source": "Repository",
      "Repository": "CRAN"
    },
    "doBy": {
      "Package": "doBy",
      "Version": "4.7.1",
      "Source": "Repository",
      "Repository": "CRAN"
    },
    "doFuture": {
      "Package": "doFuture",
      "Version": "1.2.1",
      "Source": "Repository",
      "Repository": "CRAN"
    },
    "doParallel": {
      "Package": "doParallel",
      "Version": "1.0.17",
      "Source": "Repository",
      "Repository": "CRAN"
    },
    "doRNG": {
      "Package": "doRNG",
      "Version": "1.8.6.3",
      "Source": "Repository",
      "Repository": "CRAN"
    },
    "DoubleML": {
      "Package": "DoubleML",
      "Version": "1.0.2",
      "Source": "Repository",
      "Repository": "CRAN"
    },
    "dplyr": {
      "Package": "dplyr",
      "Version": "1.2.1",
      "Source": "Repository",
      "Repository": "CRAN"
    },
    "DRDID": {
      "Package": "DRDID",
      "Version": "1.2.3",
      "Source": "Repository",
      "Repository": "CRAN"
    },
    "dreamerr": {
      "Package": "dreamerr",
      "Version": "1.5.0",
      "Source": "Repository",
      "Repository": "CRAN"
    },
    "e1071": {
      "Package": "e1071",
      "Version": "1.7.17",
      "Source": "Repository",
      "Repository": "CRAN"
    },
    "ECOSolveR": {
      "Package": "ECOSolveR",
      "Version": "0.6.1",
      "Source": "Repository",
      "Repository": "CRAN"
    },
    "etwfe": {
      "Package": "etwfe",
      "Version": "0.6.2",
      "Source": "Repository",
      "Repository": "CRAN"
    },
    "evaluate": {
      "Package": "evaluate",
      "Version": "1.0.5",
      "Source": "Repository",
      "Repository": "CRAN"
    },
    "EValue": {
      "Package": "EValue",
      "Version": "4.1.4",
      "Source": "Repository",
      "Repository": "CRAN"
    },
    "farver": {
      "Package": "farver",
      "Version": "2.1.2",
      "Source": "Repository",
      "Repository": "CRAN"
    },
    "fastGHQuad": {
      "Package": "fastGHQuad",
      "Version": "1.0.1",
      "Source": "Repository",
      "Repository": "CRAN"
    },
    "fastglm": {
      "Package": "fastglm",
      "Version": "0.0.4",
      "Source": "Repository",
      "Repository": "CRAN"
    },
    "fastmap": {
      "Package": "fastmap",
      "Version": "1.2.0",
      "Source": "Repository",
      "Repository": "CRAN"
    },
    "fect": {
      "Package": "fect",
      "Version": "2.4.1",
      "Source": "Repository",
      "Repository": "CRAN"
    },
    "fixest": {
      "Package": "fixest",
      "Version": "0.14.0",
      "Source": "Repository",
      "Repository": "CRAN"
    },
    "flexmix": {
      "Package": "flexmix",
      "Version": "2.3.20",
      "Source": "Repository",
      "Repository": "CRAN"
    },
    "FNN": {
      "Package": "FNN",
      "Version": "1.1.4.1",
      "Source": "Repository",
      "Repository": "CRAN"
    },
    "fontawesome": {
      "Package": "fontawesome",
      "Version": "0.5.3",
      "Source": "Repository",
      "Repository": "CRAN"
    },
    "forcats": {
      "Package": "forcats",
      "Version": "1.0.1",
      "Source": "Repository",
      "Repository": "CRAN"
    },
    "foreach": {
      "Package": "foreach",
      "Version": "1.5.2",
      "Source": "Repository",
      "Repository": "CRAN"
    },
    "forecast": {
      "Package": "forecast",
      "Version": "9.0.2",
      "Source": "Repository",
      "Repository": "CRAN"
    },
    "foreign": {
      "Package": "foreign",
      "Version": "0.8.90",
      "Source": "R"
    },
    "Formula": {
      "Package": "Formula",
      "Version": "1.2.5",
      "Source": "Repository",
      "Repository": "CRAN"
    },
    "fracdiff": {
      "Package": "fracdiff",
      "Version": "1.5.3",
      "Source": "Repository",
      "Repository": "CRAN"
    },
    "frontier": {
      "Package": "frontier",
      "Version": "1.1.8",
      "Source": "Repository",
      "Repository": "CRAN"
    },
    "fs": {
      "Package": "fs",
      "Version": "1.6.6",
      "Source": "Repository",
      "Repository": "CRAN"
    },
    "future": {
      "Package": "future",
      "Version": "1.70.0",
      "Source": "Repository",
      "Repository": "CRAN"
    },
    "future.apply": {
      "Package": "future.apply",
      "Version": "1.20.2",
      "Source": "Repository",
      "Repository": "CRAN"
    },
    "gam": {
      "Package": "gam",
      "Version": "1.22.7",
      "Source": "Repository",
      "Repository": "CRAN"
    },
    "generics": {
      "Package": "generics",
      "Version": "0.1.4",
      "Source": "Repository",
      "Repository": "CRAN"
    },
    "GGally": {
      "Package": "GGally",
      "Version": "2.4.0",
      "Source": "Repository",
      "Repository": "CRAN"
    },
    "ggplot2": {
      "Package": "ggplot2",
      "Version": "4.0.3",
      "Source": "Repository",
      "Repository": "CRAN"
    },
    "ggstats": {
      "Package": "ggstats",
      "Version": "0.13.0",
      "Source": "Repository",
      "Repository": "CRAN"
    },
    "glmmML": {
      "Package": "glmmML",
      "Version": "1.1.7",
      "Source": "Repository",
      "Repository": "CRAN"
    },
    "glmnet": {
      "Package": "glmnet",
      "Version": "4.1.10",
      "Source": "Repository",
      "Repository": "CRAN"
    },
    "globals": {
      "Package": "globals",
      "Version": "0.19.1",
      "Source": "Repository",
      "Repository": "CRAN"
    },
    "glue": {
      "Package": "glue",
      "Version": "1.8.0",
      "Source": "Repository",
      "Repository": "CRAN"
    },
    "gmp": {
      "Package": "gmp",
      "Version": "0.7.5.1",
      "Source": "Repository",
      "Repository": "CRAN"
    },
    "gower": {
      "Package": "gower",
      "Version": "1.0.2",
      "Source": "Repository",
      "Repository": "CRAN"
    },
    "gplots": {
      "Package": "gplots",
      "Version": "3.3.0",
      "Source": "Repository",
      "Repository": "CRAN"
    },
    "graphics": {
      "Package": "graphics",
      "Version": "4.5.2",
      "Source": "R"
    },
    "grDevices": {
      "Package": "grDevices",
      "Version": "4.5.2",
      "Source": "R"
    },
    "grf": {
      "Package": "grf",
      "Version": "2.6.1",
      "Source": "Repository",
      "Repository": "CRAN"
    },
    "grid": {
      "Package": "grid",
      "Version": "4.5.2",
      "Source": "R"
    },
    "gridExtra": {
      "Package": "gridExtra",
      "Version": "2.3",
      "Source": "Repository",
      "Repository": "CRAN"
    },
    "gsynth": {
      "Package": "gsynth",
      "Version": "1.4.0",
      "Source": "Repository",
      "Repository": "CRAN"
    },
    "gtable": {
      "Package": "gtable",
      "Version": "0.3.6",
      "Source": "Repository",
      "Repository": "CRAN"
    },
    "gtools": {
      "Package": "gtools",
      "Version": "3.9.5",
      "Source": "Repository",
      "Repository": "CRAN"
    },
    "hardhat": {
      "Package": "hardhat",
      "Version": "1.4.3",
      "Source": "Repository",
      "Repository": "CRAN"
    },
    "highr": {
      "Package": "highr",
      "Version": "0.11",
      "Source": "Repository",
      "Repository": "CRAN"
    },
    "highs": {
      "Package": "highs",
      "Version": "1.12.0.3",
      "Source": "Repository",
      "Repository": "CRAN"
    },
    "Hmisc": {
      "Package": "Hmisc",
      "Version": "5.2.5",
      "Source": "Repository",
      "Repository": "CRAN"
    },
    "hms": {
      "Package": "hms",
      "Version": "1.1.4",
      "Source": "Repository",
      "Repository": "CRAN"
    },
    "HonestDiD": {
      "Package": "HonestDiD",
      "Version": "0.2.8",
      "Source": "Repository",
      "Repository": "CRAN"
    },
    "hpa": {
      "Package": "hpa",
      "Version": "1.3.4",
      "Source": "Repository",
      "Repository": "CRAN"
    },
    "htmlTable": {
      "Package": "htmlTable",
      "Version": "2.5.0",
      "Source": "Repository",
      "Repository": "CRAN"
    },
    "htmltools": {
      "Package": "htmltools",
      "Version": "0.5.9",
      "Source": "Repository",
      "Repository": "CRAN"
    },
    "htmlwidgets": {
      "Package": "htmlwidgets",
      "Version": "1.6.4",
      "Source": "Repository",
      "Repository": "CRAN"
    },
    "httr": {
      "Package": "httr",
      "Version": "1.4.8",
      "Source": "Repository",
      "Repository": "CRAN"
    },
    "insight": {
      "Package": "insight",
      "Version": "1.5.0",
      "Source": "Repository",
      "Repository": "CRAN"
    },
    "ipred": {
      "Package": "ipred",
      "Version": "0.9.15",
      "Source": "Repository",
      "Repository": "CRAN"
    },
    "isoband": {
      "Package": "isoband",
      "Version": "0.3.0",
      "Source": "Repository",
      "Repository": "CRAN"
    },
    "iterators": {
      "Package": "iterators",
      "Version": "1.0.14",
      "Source": "Repository",
      "Repository": "CRAN"
    },
    "ivmodel": {
      "Package": "ivmodel",
      "Version": "1.9.1",
      "Source": "Repository",
      "Repository": "CRAN"
    },
    "jquerylib": {
      "Package": "jquerylib",
      "Version": "0.1.4",
      "Source": "Repository",
      "Repository": "CRAN"
    },
    "jsonlite": {
      "Package": "jsonlite",
      "Version": "2.0.0",
      "Source": "Repository",
      "Repository": "CRAN"
    },
    "kernlab": {
      "Package": "kernlab",
      "Version": "0.9.33",
      "Source": "Repository",
      "Repository": "CRAN"
    },
    "KernSmooth": {
      "Package": "KernSmooth",
      "Version": "2.23.26",
      "Source": "R"
    },
    "knitr": {
      "Package": "knitr",
      "Version": "1.51",
      "Source": "Repository",
      "Repository": "CRAN"
    },
    "labeling": {
      "Package": "labeling",
      "Version": "0.4.3",
      "Source": "Repository",
      "Repository": "CRAN"
    },
    "latex2exp": {
      "Package": "latex2exp",
      "Version": "0.9.8",
      "Source": "Repository",
      "Repository": "CRAN"
    },
    "lattice": {
      "Package": "lattice",
      "Version": "0.22.7",
      "Source": "R"
    },
    "lava": {
      "Package": "lava",
      "Version": "1.9.0",
      "Source": "Repository",
      "Repository": "CRAN"
    },
    "LearnBayes": {
      "Package": "LearnBayes",
      "Version": "2.15.2",
      "Source": "Repository",
      "Repository": "CRAN"
    },
    "lgr": {
      "Package": "lgr",
      "Version": "0.5.2",
      "Source": "Repository",
      "Repository": "CRAN"
    },
    "LiblineaR": {
      "Package": "LiblineaR",
      "Version": "2.10.24",
      "Source": "Repository",
      "Repository": "CRAN"
    },
    "lifecycle": {
      "Package": "lifecycle",
      "Version": "1.0.5",
      "Source": "Repository",
      "Repository": "CRAN"
    },
    "listenv": {
      "Package": "listenv",
      "Version": "0.10.1",
      "Source": "Repository",
      "Repository": "CRAN"
    },
    "lme4": {
      "Package": "lme4",
      "Version": "2.0.1",
      "Source": "Repository",
      "Repository": "CRAN"
    },
    "lmtest": {
      "Package": "lmtest",
      "Version": "0.9.40",
      "Source": "Repository",
      "Repository": "CRAN"
    },
    "lpdensity": {
      "Package": "lpdensity",
      "Version": "2.5",
      "Source": "Repository",
      "Repository": "CRAN"
    },
    "lpirfs": {
      "Package": "lpirfs",
      "Version": "0.2.5",
      "Source": "Repository",
      "Repository": "CRAN"
    },
    "lpSolve": {
      "Package": "lpSolve",
      "Version": "5.6.23",
      "Source": "Repository",
      "Repository": "CRAN"
    },
    "lpSolveAPI": {
      "Package": "lpSolveAPI",
      "Version": "5.5.2.0.17.15",
      "Source": "Repository",
      "Repository": "CRAN"
    },
    "lubridate": {
      "Package": "lubridate",
      "Version": "1.9.5",
      "Source": "Repository",
      "Repository": "CRAN"
    },
    "magrittr": {
      "Package": "magrittr",
      "Version": "2.0.4",
      "Source": "Repository",
      "Repository": "CRAN"
    },
    "marginaleffects": {
      "Package": "marginaleffects",
      "Version": "0.32.0",
      "Source": "Repository",
      "Repository": "CRAN"
    },
    "marqLevAlg": {
      "Package": "marqLevAlg",
      "Version": "2.0.8",
      "Source": "Repository",
      "Repository": "CRAN"
    },
    "MASS": {
      "Package": "MASS",
      "Version": "7.3.65",
      "Source": "R"
    },
    "MatchIt": {
      "Package": "MatchIt",
      "Version": "4.7.2",
      "Source": "Repository",
      "Repository": "CRAN"
    },
    "mathjaxr": {
      "Package": "mathjaxr",
      "Version": "2.0.0",
      "Source": "Repository",
      "Repository": "CRAN"
    },
    "Matrix": {
      "Package": "Matrix",
      "Version": "1.7.4",
      "Source": "R"
    },
    "MatrixModels": {
      "Package": "MatrixModels",
      "Version": "0.5.4",
      "Source": "Repository",
      "Repository": "CRAN"
    },
    "matrixStats": {
      "Package": "matrixStats",
      "Version": "1.5.0",
      "Source": "Repository",
      "Repository": "CRAN"
    },
    "maxLik": {
      "Package": "maxLik",
      "Version": "1.5.2.2",
      "Source": "Repository",
      "Repository": "CRAN"
    },
    "mediation": {
      "Package": "mediation",
      "Version": "4.5.1",
      "Source": "Repository",
      "Repository": "CRAN"
    },
    "memoise": {
      "Package": "memoise",
      "Version": "2.0.1",
      "Source": "Repository",
      "Repository": "CRAN"
    },
    "metadat": {
      "Package": "metadat",
      "Version": "1.6.0",
      "Source": "Repository",
      "Repository": "CRAN"
    },
    "metafor": {
      "Package": "metafor",
      "Version": "5.0.1",
      "Source": "Repository",
      "Repository": "CRAN"
    },
    "MetaUtility": {
      "Package": "MetaUtility",
      "Version": "2.1.2",
      "Source": "Repository",
      "Repository": "CRAN"
    },
    "methods": {
      "Package": "methods",
      "Version": "4.5.2",
      "Source": "R"
    },
    "mgcv": {
      "Package": "mgcv",
      "Version": "1.9.3",
      "Source": "R"
    },
    "micEcon": {
      "Package": "micEcon",
      "Version": "0.6.20",
      "Source": "Repository",
      "Repository": "CRAN"
    },
    "microbenchmark": {
      "Package": "microbenchmark",
      "Version": "1.5.0",
      "Source": "Repository",
      "Repository": "CRAN"
    },
    "mime": {
      "Package": "mime",
      "Version": "0.13",
      "Source": "Repository",
      "Repository": "CRAN"
    },
    "minqa": {
      "Package": "minqa",
      "Version": "1.2.8",
      "Source": "Repository",
      "Repository": "CRAN"
    },
    "mirai": {
      "Package": "mirai",
      "Version": "2.6.1",
      "Source": "Repository",
      "Repository": "CRAN"
    },
    "miscTools": {
      "Package": "miscTools",
      "Version": "0.6.30",
      "Source": "Repository",
      "Repository": "CRAN"
    },
    "mlbench": {
      "Package": "mlbench",
      "Version": "2.1.8",
      "Source": "Repository",
      "Repository": "CRAN"
    },
    "mlr3": {
      "Package": "mlr3",
      "Version": "1.6.0",
      "Source": "Repository",
      "Repository": "CRAN"
    },
    "mlr3learners": {
      "Package": "mlr3learners",
      "Version": "0.14.0",
      "Source": "Repository",
      "Repository": "CRAN"
    },
    "mlr3measures": {
      "Package": "mlr3measures",
      "Version": "1.3.0",
      "Source": "Repository",
      "Repository": "CRAN"
    },
    "mlr3misc": {
      "Package": "mlr3misc",
      "Version": "0.21.0",
      "Source": "Repository",
      "Repository": "CRAN"
    },
    "mlr3tuning": {
      "Package": "mlr3tuning",
      "Version": "1.6.0",
      "Source": "Repository",
      "Repository": "CRAN"
    },
    "mnorm": {
      "Package": "mnorm",
      "Version": "1.2.3",
      "Source": "Repository",
      "Repository": "CRAN"
    },
    "ModelMetrics": {
      "Package": "ModelMetrics",
      "Version": "1.2.2.2",
      "Source": "Repository",
      "Repository": "CRAN"
    },
    "modelr": {
      "Package": "modelr",
      "Version": "0.1.11",
      "Source": "Repository",
      "Repository": "CRAN"
    },
    "modeltools": {
      "Package": "modeltools",
      "Version": "0.2.24",
      "Source": "Repository",
      "Repository": "CRAN"
    },
    "moments": {
      "Package": "moments",
      "Version": "0.14.1",
      "Source": "Repository",
      "Repository": "CRAN"
    },
    "multcomp": {
      "Package": "multcomp",
      "Version": "1.4.30",
      "Source": "Repository",
      "Repository": "CRAN"
    },
    "mvtnorm": {
      "Package": "mvtnorm",
      "Version": "1.3.7",
      "Source": "Repository",
      "Repository": "CRAN"
    },
    "nanonext": {
      "Package": "nanonext",
      "Version": "1.8.2",
      "Source": "Repository",
      "Repository": "CRAN"
    },
    "nleqslv": {
      "Package": "nleqslv",
      "Version": "3.3.7",
      "Source": "Repository",
      "Repository": "CRAN"
    },
    "nlme": {
      "Package": "nlme",
      "Version": "3.1.168",
      "Source": "R"
    },
    "nloptr": {
      "Package": "nloptr",
      "Version": "2.2.1",
      "Source": "Repository",
      "Repository": "CRAN"
    },
    "nnet": {
      "Package": "nnet",
      "Version": "7.3.20",
      "Source": "R"
    },
    "nnls": {
      "Package": "nnls",
      "Version": "1.6",
      "Source": "Repository",
      "Repository": "CRAN"
    },
    "numDeriv": {
      "Package": "numDeriv",
      "Version": "2016.8.1.1",
      "Source": "Repository",
      "Repository": "CRAN"
    },
    "oaxaca": {
      "Package": "oaxaca",
      "Version": "0.1.5",
      "Source": "Repository",
      "Repository": "CRAN"
    },
    "openssl": {
      "Package": "openssl",
      "Version": "2.4.0",
      "Source": "Repository",
      "Repository": "CRAN"
    },
    "optimx": {
      "Package": "optimx",
      "Version": "2025.4.9",
      "Source": "Repository",
      "Repository": "CRAN"
    },
    "osqp": {
      "Package": "osqp",
      "Version": "1.0.0",
      "Source": "Repository",
      "Repository": "CRAN"
    },
    "palmerpenguins": {
      "Package": "palmerpenguins",
      "Version": "0.1.1",
      "Source": "Repository",
      "Repository": "CRAN"
    },
    "panelView": {
      "Package": "panelView",
      "Version": "1.3.0",
      "Source": "Repository",
      "Repository": "CRAN"
    },
    "paradox": {
      "Package": "paradox",
      "Version": "1.0.1",
      "Source": "Repository",
      "Repository": "CRAN"
    },
    "parallel": {
      "Package": "parallel",
      "Version": "4.5.2",
      "Source": "R"
    },
    "parallelly": {
      "Package": "parallelly",
      "Version": "1.47.0",
      "Source": "Repository",
      "Repository": "CRAN"
    },
    "patchwork": {
      "Package": "patchwork",
      "Version": "1.3.2",
      "Source": "Repository",
      "Repository": "CRAN"
    },
    "pbapply": {
      "Package": "pbapply",
      "Version": "1.7.4",
      "Source": "Repository",
      "Repository": "CRAN"
    },
    "pbkrtest": {
      "Package": "pbkrtest",
      "Version": "0.5.5",
      "Source": "Repository",
      "Repository": "CRAN"
    },
    "pillar": {
      "Package": "pillar",
      "Version": "1.11.1",
      "Source": "Repository",
      "Repository": "CRAN"
    },
    "pkgconfig": {
      "Package": "pkgconfig",
      "Version": "2.0.3",
      "Source": "Repository",
      "Repository": "CRAN"
    },
    "plm": {
      "Package": "plm",
      "Version": "2.6.7",
      "Source": "Repository",
      "Repository": "CRAN"
    },
    "plyr": {
      "Package": "plyr",
      "Version": "1.8.9",
      "Source": "Repository",
      "Repository": "CRAN"
    },
    "policytree": {
      "Package": "policytree",
      "Version": "1.2.4",
      "Source": "Repository",
      "Repository": "CRAN"
    },
    "pracma": {
      "Package": "pracma",
      "Version": "2.4.6",
      "Source": "Repository",
      "Repository": "CRAN"
    },
    "prettyunits": {
      "Package": "prettyunits",
      "Version": "1.2.0",
      "Source": "Repository",
      "Repository": "CRAN"
    },
    "pROC": {
      "Package": "pROC",
      "Version": "1.19.0.1",
      "Source": "Repository",
      "Repository": "CRAN"
    },
    "prodlim": {
      "Package": "prodlim",
      "Version": "2026.3.11",
      "Source": "Repository",
      "Repository": "CRAN"
    },
    "progress": {
      "Package": "progress",
      "Version": "1.2.3",
      "Source": "Repository",
      "Repository": "CRAN"
    },
    "progressr": {
      "Package": "progressr",
      "Version": "0.19.0",
      "Source": "Repository",
      "Repository": "CRAN"
    },
    "proxy": {
      "Package": "proxy",
      "Version": "0.4.29",
      "Source": "Repository",
      "Repository": "CRAN"
    },
    "PRROC": {
      "Package": "PRROC",
      "Version": "1.4",
      "Source": "Repository",
      "Repository": "CRAN"
    },
    "pscl": {
      "Package": "pscl",
      "Version": "1.5.9",
      "Source": "Repository",
      "Repository": "CRAN"
    },
    "purrr": {
      "Package": "purrr",
      "Version": "1.2.1",
      "Source": "Repository",
      "Repository": "CRAN"
    },
    "qrng": {
      "Package": "qrng",
      "Version": "0.0.11",
      "Source": "Repository",
      "Repository": "CRAN"
    },
    "quantreg": {
      "Package": "quantreg",
      "Version": "6.1",
      "Source": "Repository",
      "Repository": "CRAN"
    },
    "R6": {
      "Package": "R6",
      "Version": "2.6.1",
      "Source": "Repository",
      "Repository": "CRAN"
    },
    "randtoolbox": {
      "Package": "randtoolbox",
      "Version": "2.0.5",
      "Source": "Repository",
      "Repository": "CRAN"
    },
    "ranger": {
      "Package": "ranger",
      "Version": "0.18.0",
      "Source": "Repository",
      "Repository": "CRAN"
    },
    "rappdirs": {
      "Package": "rappdirs",
      "Version": "0.3.4",
      "Source": "Repository",
      "Repository": "CRAN"
    },
    "rbibutils": {
      "Package": "rbibutils",
      "Version": "2.4.1",
      "Source": "Repository",
      "Repository": "CRAN"
    },
    "RColorBrewer": {
      "Package": "RColorBrewer",
      "Version": "1.1.3",
      "Source": "Repository",
      "Repository": "CRAN"
    },
    "Rcpp": {
      "Package": "Rcpp",
      "Version": "1.1.1.1.1",
      "Source": "Repository",
      "Repository": "CRAN"
    },
    "RcppArmadillo": {
      "Package": "RcppArmadillo",
      "Version": "15.2.6.1",
      "Source": "Repository",
      "Repository": "CRAN"
    },
    "RcppEigen": {
      "Package": "RcppEigen",
      "Version": "0.3.4.0.2",
      "Source": "Repository",
      "Repository": "CRAN"
    },
    "RcppParallel": {
      "Package": "RcppParallel",
      "Version": "5.1.11.2",
      "Source": "Repository",
      "Repository": "CRAN"
    },
    "RcppProgress": {
      "Package": "RcppProgress",
      "Version": "0.4.2",
      "Source": "Repository",
      "Repository": "CRAN"
    },
    "rddensity": {
      "Package": "rddensity",
      "Version": "2.6",
      "Source": "Repository",
      "Repository": "CRAN"
    },
    "Rdpack": {
      "Package": "Rdpack",
      "Version": "2.6.6",
      "Source": "Repository",
      "Repository": "CRAN"
    },
    "rdrobust": {
      "Package": "rdrobust",
      "Version": "3.0.0",
      "Source": "Repository",
      "Repository": "CRAN"
    },
    "readstata13": {
      "Package": "readstata13",
      "Version": "0.11.0",
      "Source": "Repository",
      "Repository": "CRAN"
    },
    "recipes": {
      "Package": "recipes",
      "Version": "1.3.2",
      "Source": "Repository",
      "Repository": "CRAN"
    },
    "reformulas": {
      "Package": "reformulas",
      "Version": "0.4.4",
      "Source": "Repository",
      "Repository": "CRAN"
    },
    "reshape2": {
      "Package": "reshape2",
      "Version": "1.4.5",
      "Source": "Repository",
      "Repository": "CRAN"
    },
    "rgenoud": {
      "Package": "rgenoud",
      "Version": "5.9.0.11",
      "Source": "Repository",
      "Repository": "CRAN"
    },
    "Rglpk": {
      "Package": "Rglpk",
      "Version": "0.6.5.1",
      "Source": "Repository",
      "Repository": "CRAN"
    },
    "rifreg": {
      "Package": "rifreg",
      "Version": "1.1.0",
      "Source": "Repository",
      "Repository": "CRAN"
    },
    "rlang": {
      "Package": "rlang",
      "Version": "1.1.7",
      "Source": "Repository",
      "Repository": "CRAN"
    },
    "rmarkdown": {
      "Package": "rmarkdown",
      "Version": "2.31",
      "Source": "Repository",
      "Repository": "CRAN"
    },
    "rngtools": {
      "Package": "rngtools",
      "Version": "1.5.2",
      "Source": "Repository",
      "Repository": "CRAN"
    },
    "rngWELL": {
      "Package": "rngWELL",
      "Version": "0.10.10",
      "Source": "Repository",
      "Repository": "CRAN"
    },
    "ROCR": {
      "Package": "ROCR",
      "Version": "1.0.12",
      "Source": "Repository",
      "Repository": "CRAN"
    },
    "rpart": {
      "Package": "rpart",
      "Version": "4.1.24",
      "Source": "R"
    },
    "rstudioapi": {
      "Package": "rstudioapi",
      "Version": "0.18.0",
      "Source": "Repository",
      "Repository": "CRAN"
    },
    "s2": {
      "Package": "s2",
      "Version": "1.1.11",
      "Source": "Repository",
      "Repository": "CRAN"
    },
    "S7": {
      "Package": "S7",
      "Version": "0.2.2",
      "Source": "Repository",
      "Repository": "CRAN"
    },
    "sampleSelection": {
      "Package": "sampleSelection",
      "Version": "1.2.14",
      "Source": "Repository",
      "Repository": "CRAN"
    },
    "sandwich": {
      "Package": "sandwich",
      "Version": "3.1.1",
      "Source": "Repository",
      "Repository": "CRAN"
    },
    "sass": {
      "Package": "sass",
      "Version": "0.4.10",
      "Source": "Repository",
      "Repository": "CRAN"
    },
    "scales": {
      "Package": "scales",
      "Version": "1.4.0",
      "Source": "Repository",
      "Repository": "CRAN"
    },
    "scs": {
      "Package": "scs",
      "Version": "3.2.7",
      "Source": "Repository",
      "Repository": "CRAN"
    },
    "sensemakr": {
      "Package": "sensemakr",
      "Version": "0.1.6",
      "Source": "Repository",
      "Repository": "CRAN"
    },
    "sf": {
      "Package": "sf",
      "Version": "1.1.1",
      "Source": "Repository",
      "Repository": "CRAN"
    },
    "sfaR": {
      "Package": "sfaR",
      "Version": "1.0.1",
      "Source": "Repository",
      "Repository": "CRAN"
    },
    "shape": {
      "Package": "shape",
      "Version": "1.4.6.1",
      "Source": "Repository",
      "Repository": "CRAN"
    },
    "slam": {
      "Package": "slam",
      "Version": "0.1.55",
      "Source": "Repository",
      "Repository": "CRAN"
    },
    "sp": {
      "Package": "sp",
      "Version": "2.2.1",
      "Source": "Repository",
      "Repository": "CRAN"
    },
    "spacefillr": {
      "Package": "spacefillr",
      "Version": "0.4.0",
      "Source": "Repository",
      "Repository": "CRAN"
    },
    "SparseM": {
      "Package": "SparseM",
      "Version": "1.84.2",
      "Source": "Repository",
      "Repository": "CRAN"
    },
    "sparsevctrs": {
      "Package": "sparsevctrs",
      "Version": "0.3.6",
      "Source": "Repository",
      "Repository": "CRAN"
    },
    "spatialreg": {
      "Package": "spatialreg",
      "Version": "1.4.3",
      "Source": "Repository",
      "Repository": "CRAN"
    },
    "spData": {
      "Package": "spData",
      "Version": "2.3.5",
      "Source": "Repository",
      "Repository": "CRAN"
    },
    "spdep": {
      "Package": "spdep",
      "Version": "1.4.2",
      "Source": "Repository",
      "Repository": "CRAN"
    },
    "splines": {
      "Package": "splines",
      "Version": "4.5.2",
      "Source": "R"
    },
    "SQUAREM": {
      "Package": "SQUAREM",
      "Version": "2026.1",
      "Source": "Repository",
      "Repository": "CRAN"
    },
    "stats": {
      "Package": "stats",
      "Version": "4.5.2",
      "Source": "R"
    },
    "stats4": {
      "Package": "stats4",
      "Version": "4.5.2",
      "Source": "R"
    },
    "stringi": {
      "Package": "stringi",
      "Version": "1.8.7",
      "Source": "Repository",
      "Repository": "CRAN"
    },
    "stringmagic": {
      "Package": "stringmagic",
      "Version": "1.2.0",
      "Source": "Repository",
      "Repository": "CRAN"
    },
    "stringr": {
      "Package": "stringr",
      "Version": "1.6.0",
      "Source": "Repository",
      "Repository": "CRAN"
    },
    "strucchange": {
      "Package": "strucchange",
      "Version": "1.5.4",
      "Source": "Repository",
      "Repository": "CRAN"
    },
    "SuperLearner": {
      "Package": "SuperLearner",
      "Version": "2.0.40",
      "Source": "Repository",
      "Repository": "CRAN"
    },
    "survival": {
      "Package": "survival",
      "Version": "3.8.3",
      "Source": "R"
    },
    "Synth": {
      "Package": "Synth",
      "Version": "1.1.10",
      "Source": "Repository",
      "Repository": "CRAN"
    },
    "synthdid": {
      "Package": "synthdid",
      "Version": "0.0.9",
      "Source": "GitHub",
      "RemoteHost": "api.github.com",
      "RemoteUsername": "synth-inference",
      "RemoteRepo": "synthdid",
      "RemoteRef": "HEAD",
      "RemoteSha": "70c1ce3eac58e28c30b67435ca377bb48baa9b8a"
    },
    "sys": {
      "Package": "sys",
      "Version": "3.4.3",
      "Source": "Repository",
      "Repository": "CRAN"
    },
    "systemfit": {
      "Package": "systemfit",
      "Version": "1.1.30",
      "Source": "Repository",
      "Repository": "CRAN"
    },
    "texreg": {
      "Package": "texreg",
      "Version": "1.39.5",
      "Source": "Repository",
      "Repository": "CRAN"
    },
    "TH.data": {
      "Package": "TH.data",
      "Version": "1.1.5",
      "Source": "Repository",
      "Repository": "CRAN"
    },
    "tibble": {
      "Package": "tibble",
      "Version": "3.3.1",
      "Source": "Repository",
      "Repository": "CRAN"
    },
    "tidyr": {
      "Package": "tidyr",
      "Version": "1.3.2",
      "Source": "Repository",
      "Repository": "CRAN"
    },
    "tidyselect": {
      "Package": "tidyselect",
      "Version": "1.2.1",
      "Source": "Repository",
      "Repository": "CRAN"
    },
    "timechange": {
      "Package": "timechange",
      "Version": "0.4.0",
      "Source": "Repository",
      "Repository": "CRAN"
    },
    "timeDate": {
      "Package": "timeDate",
      "Version": "4052.112",
      "Source": "Repository",
      "Repository": "CRAN"
    },
    "tinyplot": {
      "Package": "tinyplot",
      "Version": "0.6.1",
      "Source": "Repository",
      "Repository": "CRAN"
    },
    "tinytex": {
      "Package": "tinytex",
      "Version": "0.59",
      "Source": "Repository",
      "Repository": "CRAN"
    },
    "tmle": {
      "Package": "tmle",
      "Version": "2.1.1",
      "Source": "Repository",
      "Repository": "CRAN"
    },
    "tools": {
      "Package": "tools",
      "Version": "4.5.2",
      "Source": "R"
    },
    "TruncatedNormal": {
      "Package": "TruncatedNormal",
      "Version": "2.3",
      "Source": "Repository",
      "Repository": "CRAN"
    },
    "truncreg": {
      "Package": "truncreg",
      "Version": "0.2.5",
      "Source": "Repository",
      "Repository": "CRAN"
    },
    "trust": {
      "Package": "trust",
      "Version": "0.1.9",
      "Source": "Repository",
      "Repository": "CRAN"
    },
    "trustOptim": {
      "Package": "trustOptim",
      "Version": "0.8.7.4",
      "Source": "Repository",
      "Repository": "CRAN"
    },
    "tzdb": {
      "Package": "tzdb",
      "Version": "0.5.0",
      "Source": "Repository",
      "Repository": "CRAN"
    },
    "ucminf": {
      "Package": "ucminf",
      "Version": "1.2.3",
      "Source": "Repository",
      "Repository": "CRAN"
    },
    "units": {
      "Package": "units",
      "Version": "1.0.1",
      "Source": "Repository",
      "Repository": "CRAN"
    },
    "urca": {
      "Package": "urca",
      "Version": "1.3.4",
      "Source": "Repository",
      "Repository": "CRAN"
    },
    "utf8": {
      "Package": "utf8",
      "Version": "1.2.6",
      "Source": "Repository",
      "Repository": "CRAN"
    },
    "utils": {
      "Package": "utils",
      "Version": "4.5.2",
      "Source": "R"
    },
    "uuid": {
      "Package": "uuid",
      "Version": "1.2.2",
      "Source": "Repository",
      "Repository": "CRAN"
    },
    "vars": {
      "Package": "vars",
      "Version": "1.6.1",
      "Source": "Repository",
      "Repository": "CRAN"
    },
    "vctrs": {
      "Package": "vctrs",
      "Version": "0.7.1",
      "Source": "Repository",
      "Repository": "CRAN"
    },
    "VGAM": {
      "Package": "VGAM",
      "Version": "1.1.14",
      "Source": "Repository",
      "Repository": "CRAN"
    },
    "viridisLite": {
      "Package": "viridisLite",
      "Version": "0.4.3",
      "Source": "Repository",
      "Repository": "CRAN"
    },
    "withr": {
      "Package": "withr",
      "Version": "3.0.2",
      "Source": "Repository",
      "Repository": "CRAN"
    },
    "wk": {
      "Package": "wk",
      "Version": "0.9.5",
      "Source": "Repository",
      "Repository": "CRAN"
    },
    "xfun": {
      "Package": "xfun",
      "Version": "0.56",
      "Source": "Repository",
      "Repository": "CRAN"
    },
    "yaml": {
      "Package": "yaml",
      "Version": "2.3.12",
      "Source": "Repository",
      "Repository": "CRAN"
    },
    "zoo": {
      "Package": "zoo",
      "Version": "1.8.15",
      "Source": "Repository",
      "Repository": "CRAN"
    }
  }
}
